
Microsoft Visual Studio Solution File, Format Version 12.00
# Visual Studio Version 16
VisualStudioVersion = 16.0.29911.84
MinimumVisualStudioVersion = 10.0.40219.1
Project("{FAE04EC0-301F-11D3-BF4B-00C04F79EFBC}") = "Deskey", "Deskey\Deskey.csproj", "{3B60923E-6D98-4594-9D8A-6EACF5ECBE9D}"
EndProject
Project("{FAE04EC0-301F-11D3-BF4B-00C04F79EFBC}") = "MisskeySharp", "MisskeySharp\MisskeySharp.csproj", "{8AE50C3A-FE9C-4CB6-A830-8F6677B8E702}"
EndProject
Global
	GlobalSection(SolutionConfigurationPlatforms) = preSolution
		Debug|Any CPU = Debug|Any CPU
		Release|Any CPU = Release|Any CPU
	EndGlobalSection
	GlobalSection(ProjectConfigurationPlatforms) = postSolution
		{3B60923E-6D98-4594-9D8A-6EACF5ECBE9D}.Debug|Any CPU.ActiveCfg = Debug|Any CPU
		{3B60923E-6D98-4594-9D8A-6EACF5ECBE9D}.Debug|Any CPU.Build.0 = Debug|Any CPU
		{3B60923E-6D98-4594-9D8A-6EACF5ECBE9D}.Release|Any CPU.ActiveCfg = Release|Any CPU
		{3B60923E-6D98-4594-9D8A-6EACF5ECBE9D}.Release|Any CPU.Build.0 = Release|Any CPU
		{8AE50C3A-FE9C-4CB6-A830-8F6677B8E702}.Debug|Any CPU.ActiveCfg = Debug|Any CPU
		{8AE50C3A-FE9C-4CB6-A830-8F6677B8E702}.Debug|Any CPU.Build.0 = Debug|Any CPU
		{8AE50C3A-FE9C-4CB6-A830-8F6677B8E702}.Release|Any CPU.ActiveCfg = Release|Any CPU
		{8AE50C3A-FE9C-4CB6-A830-8F6677B8E702}.Release|Any CPU.Build.0 = Release|Any CPU
	EndGlobalSection
	GlobalSection(SolutionProperties) = preSolution
		HideSolutionNode = FALSE
	EndGlobalSection
	GlobalSection(ExtensibilityGlobals) = postSolution
		SolutionGuid = {286FB4A8-A467-4202-9817-EDB95B35CBBC}
	EndGlobalSection
EndGlobal
